%{"elixir_make": {:hex, :elixir_make, "0.4.0", "992f38fabe705bb45821a728f20914c554b276838433349d4f2341f7a687cddf", [:mix], [], "hexpm"},
  "gen_stage": {:hex, :gen_stage, "0.12.1", "63899782173e4d9247f0a2f697a1cd72c3f255267d84449c56138f8514733103", [:mix], [], "hexpm"},
  "nerves_runtime": {:hex, :nerves_runtime, "0.4.3", "e99a0744a29d8a2a9821d2489a7b9d072a29669df320e6addfdd2e54a96820d3", [:make, :mix], [{:elixir_make, "~> 0.4", [hex: :elixir_make, repo: "hexpm", optional: false]}, {:system_registry, "~> 0.5", [hex: :system_registry, repo: "hexpm", optional: false]}], "hexpm"},
  "system_registry": {:hex, :system_registry, "0.5.0", "f0b769e699cc072f036d3b1c4fd8ab0ec5ad3aa0bb02919ebad80cf92641bbfd", [:mix], [], "hexpm"}}
